
Microsoft Visual Studio Solution File, Format Version 12.00
# Visual Studio 15
VisualStudioVersion = 15.0.27130.2010
MinimumVisualStudioVersion = 10.0.40219.1
Project("{9092AA53-FB77-4645-B42D-1CCCA6BD08BD}") = "web", "web\web.njsproj", "{4F88D267-CCA7-4DDA-B0C5-79248150CCE2}"
EndProject
Project("{FAE04EC0-301F-11D3-BF4B-00C04F79EFBC}") = "mongodbScripts", "..\..\..\mongodbScripts\mongodbScripts.csproj", "{7A8C9A4A-56E4-4027-8A15-40F60540F2A2}"
EndProject
Project("{9092AA53-FB77-4645-B42D-1CCCA6BD08BD}") = "Candidate.sendMail.Service", "Candidate.sendMail.Service\Candidate.sendMail.Service.njsproj", "{3428C12A-296C-489D-9FB2-1B797B42DB46}"
EndProject
Project("{FAE04EC0-301F-11D3-BF4B-00C04F79EFBC}") = "CandidateClient", "CandidateClient\CandidateClient.csproj", "{035ECD69-F846-4219-B1B0-DD17E3EF8FF9}"
EndProject
Project("{9092AA53-FB77-4645-B42D-1CCCA6BD08BD}") = "ClientService", "ClientService\ClientService.njsproj", "{B236BCB7-B94E-4DA4-98C7-FD623C6AF31B}"
EndProject
Project("{262852C6-CD72-467D-83FE-5EEB1973A190}") = "Mobile.android", "Mobile.android\Mobile.android.jsproj", "{3DA41590-2B39-40E1-8BF7-6D8914732F88}"
EndProject
Project("{9092AA53-FB77-4645-B42D-1CCCA6BD08BD}") = "mobile_services", "mobile_services\mobile_services.njsproj", "{DD01FB6D-6846-4DFB-9938-55A3F08DA924}"
EndProject
Project("{888888A0-9F3D-457C-B088-3A5042F75D52}") = "lv_lms", "lv_lms\lv_lms.pyproj", "{46D586FF-9F73-4DFD-8BF5-101F31545D0C}"
EndProject
Project("{9092AA53-FB77-4645-B42D-1CCCA6BD08BD}") = "lv-libs", "lv-libs\lv-libs.njsproj", "{39630ED8-13E8-4D2C-8020-F84A84ADABB8}"
EndProject
Project("{9092AA53-FB77-4645-B42D-1CCCA6BD08BD}") = "test", "test\test.njsproj", "{009DB68B-98C0-4C48-857F-524267115639}"
EndProject
Project("{9092AA53-FB77-4645-B42D-1CCCA6BD08BD}") = "test-routes", "test-routes\test-routes.njsproj", "{87C02216-FC42-494E-BB57-EE273F030812}"
EndProject
Global
	GlobalSection(SolutionConfigurationPlatforms) = preSolution
		Debug|Android = Debug|Android
		Debug|Any CPU = Debug|Any CPU
		Debug|iOS = Debug|iOS
		Debug|Windows-ARM = Debug|Windows-ARM
		Debug|Windows-x64 = Debug|Windows-x64
		Debug|Windows-x86 = Debug|Windows-x86
		Release|Android = Release|Android
		Release|Any CPU = Release|Any CPU
		Release|iOS = Release|iOS
		Release|Windows-ARM = Release|Windows-ARM
		Release|Windows-x64 = Release|Windows-x64
		Release|Windows-x86 = Release|Windows-x86
	EndGlobalSection
	GlobalSection(ProjectConfigurationPlatforms) = postSolution
		{4F88D267-CCA7-4DDA-B0C5-79248150CCE2}.Debug|Android.ActiveCfg = Debug|Any CPU
		{4F88D267-CCA7-4DDA-B0C5-79248150CCE2}.Debug|Android.Build.0 = Debug|Any CPU
		{4F88D267-CCA7-4DDA-B0C5-79248150CCE2}.Debug|Any CPU.ActiveCfg = Debug|Any CPU
		{4F88D267-CCA7-4DDA-B0C5-79248150CCE2}.Debug|Any CPU.Build.0 = Debug|Any CPU
		{4F88D267-CCA7-4DDA-B0C5-79248150CCE2}.Debug|iOS.ActiveCfg = Debug|Any CPU
		{4F88D267-CCA7-4DDA-B0C5-79248150CCE2}.Debug|iOS.Build.0 = Debug|Any CPU
		{4F88D267-CCA7-4DDA-B0C5-79248150CCE2}.Debug|Windows-ARM.ActiveCfg = Debug|Any CPU
		{4F88D267-CCA7-4DDA-B0C5-79248150CCE2}.Debug|Windows-ARM.Build.0 = Debug|Any CPU
		{4F88D267-CCA7-4DDA-B0C5-79248150CCE2}.Debug|Windows-x64.ActiveCfg = Debug|Any CPU
		{4F88D267-CCA7-4DDA-B0C5-79248150CCE2}.Debug|Windows-x64.Build.0 = Debug|Any CPU
		{4F88D267-CCA7-4DDA-B0C5-79248150CCE2}.Debug|Windows-x86.ActiveCfg = Debug|Any CPU
		{4F88D267-CCA7-4DDA-B0C5-79248150CCE2}.Debug|Windows-x86.Build.0 = Debug|Any CPU
		{4F88D267-CCA7-4DDA-B0C5-79248150CCE2}.Release|Android.ActiveCfg = Release|Any CPU
		{4F88D267-CCA7-4DDA-B0C5-79248150CCE2}.Release|Android.Build.0 = Release|Any CPU
		{4F88D267-CCA7-4DDA-B0C5-79248150CCE2}.Release|Any CPU.ActiveCfg = Release|Any CPU
		{4F88D267-CCA7-4DDA-B0C5-79248150CCE2}.Release|Any CPU.Build.0 = Release|Any CPU
		{4F88D267-CCA7-4DDA-B0C5-79248150CCE2}.Release|iOS.ActiveCfg = Release|Any CPU
		{4F88D267-CCA7-4DDA-B0C5-79248150CCE2}.Release|iOS.Build.0 = Release|Any CPU
		{4F88D267-CCA7-4DDA-B0C5-79248150CCE2}.Release|Windows-ARM.ActiveCfg = Release|Any CPU
		{4F88D267-CCA7-4DDA-B0C5-79248150CCE2}.Release|Windows-ARM.Build.0 = Release|Any CPU
		{4F88D267-CCA7-4DDA-B0C5-79248150CCE2}.Release|Windows-x64.ActiveCfg = Release|Any CPU
		{4F88D267-CCA7-4DDA-B0C5-79248150CCE2}.Release|Windows-x64.Build.0 = Release|Any CPU
		{4F88D267-CCA7-4DDA-B0C5-79248150CCE2}.Release|Windows-x86.ActiveCfg = Release|Any CPU
		{4F88D267-CCA7-4DDA-B0C5-79248150CCE2}.Release|Windows-x86.Build.0 = Release|Any CPU
		{7A8C9A4A-56E4-4027-8A15-40F60540F2A2}.Debug|Android.ActiveCfg = Debug|Any CPU
		{7A8C9A4A-56E4-4027-8A15-40F60540F2A2}.Debug|Any CPU.ActiveCfg = Debug|Any CPU
		{7A8C9A4A-56E4-4027-8A15-40F60540F2A2}.Debug|Any CPU.Build.0 = Debug|Any CPU
		{7A8C9A4A-56E4-4027-8A15-40F60540F2A2}.Debug|iOS.ActiveCfg = Debug|Any CPU
		{7A8C9A4A-56E4-4027-8A15-40F60540F2A2}.Debug|Windows-ARM.ActiveCfg = Debug|Any CPU
		{7A8C9A4A-56E4-4027-8A15-40F60540F2A2}.Debug|Windows-x64.ActiveCfg = Debug|Any CPU
		{7A8C9A4A-56E4-4027-8A15-40F60540F2A2}.Debug|Windows-x86.ActiveCfg = Debug|Any CPU
		{7A8C9A4A-56E4-4027-8A15-40F60540F2A2}.Release|Android.ActiveCfg = Release|Any CPU
		{7A8C9A4A-56E4-4027-8A15-40F60540F2A2}.Release|Any CPU.ActiveCfg = Release|Any CPU
		{7A8C9A4A-56E4-4027-8A15-40F60540F2A2}.Release|Any CPU.Build.0 = Release|Any CPU
		{7A8C9A4A-56E4-4027-8A15-40F60540F2A2}.Release|iOS.ActiveCfg = Release|Any CPU
		{7A8C9A4A-56E4-4027-8A15-40F60540F2A2}.Release|Windows-ARM.ActiveCfg = Release|Any CPU
		{7A8C9A4A-56E4-4027-8A15-40F60540F2A2}.Release|Windows-x64.ActiveCfg = Release|Any CPU
		{7A8C9A4A-56E4-4027-8A15-40F60540F2A2}.Release|Windows-x86.ActiveCfg = Release|Any CPU
		{3428C12A-296C-489D-9FB2-1B797B42DB46}.Debug|Android.ActiveCfg = Debug|Any CPU
		{3428C12A-296C-489D-9FB2-1B797B42DB46}.Debug|Android.Build.0 = Debug|Any CPU
		{3428C12A-296C-489D-9FB2-1B797B42DB46}.Debug|Any CPU.ActiveCfg = Debug|Any CPU
		{3428C12A-296C-489D-9FB2-1B797B42DB46}.Debug|Any CPU.Build.0 = Debug|Any CPU
		{3428C12A-296C-489D-9FB2-1B797B42DB46}.Debug|iOS.ActiveCfg = Debug|Any CPU
		{3428C12A-296C-489D-9FB2-1B797B42DB46}.Debug|iOS.Build.0 = Debug|Any CPU
		{3428C12A-296C-489D-9FB2-1B797B42DB46}.Debug|Windows-ARM.ActiveCfg = Debug|Any CPU
		{3428C12A-296C-489D-9FB2-1B797B42DB46}.Debug|Windows-ARM.Build.0 = Debug|Any CPU
		{3428C12A-296C-489D-9FB2-1B797B42DB46}.Debug|Windows-x64.ActiveCfg = Debug|Any CPU
		{3428C12A-296C-489D-9FB2-1B797B42DB46}.Debug|Windows-x64.Build.0 = Debug|Any CPU
		{3428C12A-296C-489D-9FB2-1B797B42DB46}.Debug|Windows-x86.ActiveCfg = Debug|Any CPU
		{3428C12A-296C-489D-9FB2-1B797B42DB46}.Debug|Windows-x86.Build.0 = Debug|Any CPU
		{3428C12A-296C-489D-9FB2-1B797B42DB46}.Release|Android.ActiveCfg = Release|Any CPU
		{3428C12A-296C-489D-9FB2-1B797B42DB46}.Release|Android.Build.0 = Release|Any CPU
		{3428C12A-296C-489D-9FB2-1B797B42DB46}.Release|Any CPU.ActiveCfg = Release|Any CPU
		{3428C12A-296C-489D-9FB2-1B797B42DB46}.Release|Any CPU.Build.0 = Release|Any CPU
		{3428C12A-296C-489D-9FB2-1B797B42DB46}.Release|iOS.ActiveCfg = Release|Any CPU
		{3428C12A-296C-489D-9FB2-1B797B42DB46}.Release|iOS.Build.0 = Release|Any CPU
		{3428C12A-296C-489D-9FB2-1B797B42DB46}.Release|Windows-ARM.ActiveCfg = Release|Any CPU
		{3428C12A-296C-489D-9FB2-1B797B42DB46}.Release|Windows-ARM.Build.0 = Release|Any CPU
		{3428C12A-296C-489D-9FB2-1B797B42DB46}.Release|Windows-x64.ActiveCfg = Release|Any CPU
		{3428C12A-296C-489D-9FB2-1B797B42DB46}.Release|Windows-x64.Build.0 = Release|Any CPU
		{3428C12A-296C-489D-9FB2-1B797B42DB46}.Release|Windows-x86.ActiveCfg = Release|Any CPU
		{3428C12A-296C-489D-9FB2-1B797B42DB46}.Release|Windows-x86.Build.0 = Release|Any CPU
		{035ECD69-F846-4219-B1B0-DD17E3EF8FF9}.Debug|Android.ActiveCfg = Debug|Any CPU
		{035ECD69-F846-4219-B1B0-DD17E3EF8FF9}.Debug|Any CPU.ActiveCfg = Debug|Any CPU
		{035ECD69-F846-4219-B1B0-DD17E3EF8FF9}.Debug|Any CPU.Build.0 = Debug|Any CPU
		{035ECD69-F846-4219-B1B0-DD17E3EF8FF9}.Debug|iOS.ActiveCfg = Debug|Any CPU
		{035ECD69-F846-4219-B1B0-DD17E3EF8FF9}.Debug|Windows-ARM.ActiveCfg = Debug|Any CPU
		{035ECD69-F846-4219-B1B0-DD17E3EF8FF9}.Debug|Windows-x64.ActiveCfg = Debug|Any CPU
		{035ECD69-F846-4219-B1B0-DD17E3EF8FF9}.Debug|Windows-x86.ActiveCfg = Debug|Any CPU
		{035ECD69-F846-4219-B1B0-DD17E3EF8FF9}.Release|Android.ActiveCfg = Release|Any CPU
		{035ECD69-F846-4219-B1B0-DD17E3EF8FF9}.Release|Any CPU.ActiveCfg = Release|Any CPU
		{035ECD69-F846-4219-B1B0-DD17E3EF8FF9}.Release|Any CPU.Build.0 = Release|Any CPU
		{035ECD69-F846-4219-B1B0-DD17E3EF8FF9}.Release|iOS.ActiveCfg = Release|Any CPU
		{035ECD69-F846-4219-B1B0-DD17E3EF8FF9}.Release|Windows-ARM.ActiveCfg = Release|Any CPU
		{035ECD69-F846-4219-B1B0-DD17E3EF8FF9}.Release|Windows-x64.ActiveCfg = Release|Any CPU
		{035ECD69-F846-4219-B1B0-DD17E3EF8FF9}.Release|Windows-x86.ActiveCfg = Release|Any CPU
		{B236BCB7-B94E-4DA4-98C7-FD623C6AF31B}.Debug|Android.ActiveCfg = Debug|Any CPU
		{B236BCB7-B94E-4DA4-98C7-FD623C6AF31B}.Debug|Android.Build.0 = Debug|Any CPU
		{B236BCB7-B94E-4DA4-98C7-FD623C6AF31B}.Debug|Any CPU.ActiveCfg = Debug|Any CPU
		{B236BCB7-B94E-4DA4-98C7-FD623C6AF31B}.Debug|Any CPU.Build.0 = Debug|Any CPU
		{B236BCB7-B94E-4DA4-98C7-FD623C6AF31B}.Debug|iOS.ActiveCfg = Debug|Any CPU
		{B236BCB7-B94E-4DA4-98C7-FD623C6AF31B}.Debug|iOS.Build.0 = Debug|Any CPU
		{B236BCB7-B94E-4DA4-98C7-FD623C6AF31B}.Debug|Windows-ARM.ActiveCfg = Debug|Any CPU
		{B236BCB7-B94E-4DA4-98C7-FD623C6AF31B}.Debug|Windows-ARM.Build.0 = Debug|Any CPU
		{B236BCB7-B94E-4DA4-98C7-FD623C6AF31B}.Debug|Windows-x64.ActiveCfg = Debug|Any CPU
		{B236BCB7-B94E-4DA4-98C7-FD623C6AF31B}.Debug|Windows-x64.Build.0 = Debug|Any CPU
		{B236BCB7-B94E-4DA4-98C7-FD623C6AF31B}.Debug|Windows-x86.ActiveCfg = Debug|Any CPU
		{B236BCB7-B94E-4DA4-98C7-FD623C6AF31B}.Debug|Windows-x86.Build.0 = Debug|Any CPU
		{B236BCB7-B94E-4DA4-98C7-FD623C6AF31B}.Release|Android.ActiveCfg = Release|Any CPU
		{B236BCB7-B94E-4DA4-98C7-FD623C6AF31B}.Release|Android.Build.0 = Release|Any CPU
		{B236BCB7-B94E-4DA4-98C7-FD623C6AF31B}.Release|Any CPU.ActiveCfg = Release|Any CPU
		{B236BCB7-B94E-4DA4-98C7-FD623C6AF31B}.Release|Any CPU.Build.0 = Release|Any CPU
		{B236BCB7-B94E-4DA4-98C7-FD623C6AF31B}.Release|iOS.ActiveCfg = Release|Any CPU
		{B236BCB7-B94E-4DA4-98C7-FD623C6AF31B}.Release|iOS.Build.0 = Release|Any CPU
		{B236BCB7-B94E-4DA4-98C7-FD623C6AF31B}.Release|Windows-ARM.ActiveCfg = Release|Any CPU
		{B236BCB7-B94E-4DA4-98C7-FD623C6AF31B}.Release|Windows-ARM.Build.0 = Release|Any CPU
		{B236BCB7-B94E-4DA4-98C7-FD623C6AF31B}.Release|Windows-x64.ActiveCfg = Release|Any CPU
		{B236BCB7-B94E-4DA4-98C7-FD623C6AF31B}.Release|Windows-x64.Build.0 = Release|Any CPU
		{B236BCB7-B94E-4DA4-98C7-FD623C6AF31B}.Release|Windows-x86.ActiveCfg = Release|Any CPU
		{B236BCB7-B94E-4DA4-98C7-FD623C6AF31B}.Release|Windows-x86.Build.0 = Release|Any CPU
		{3DA41590-2B39-40E1-8BF7-6D8914732F88}.Debug|Android.ActiveCfg = Debug|Any CPU
		{3DA41590-2B39-40E1-8BF7-6D8914732F88}.Debug|Android.Build.0 = Debug|Any CPU
		{3DA41590-2B39-40E1-8BF7-6D8914732F88}.Debug|Any CPU.ActiveCfg = Debug|Any CPU
		{3DA41590-2B39-40E1-8BF7-6D8914732F88}.Debug|Any CPU.Build.0 = Debug|Any CPU
		{3DA41590-2B39-40E1-8BF7-6D8914732F88}.Debug|iOS.ActiveCfg = Debug|Any CPU
		{3DA41590-2B39-40E1-8BF7-6D8914732F88}.Debug|iOS.Build.0 = Debug|Any CPU
		{3DA41590-2B39-40E1-8BF7-6D8914732F88}.Debug|Windows-ARM.ActiveCfg = Debug|Any CPU
		{3DA41590-2B39-40E1-8BF7-6D8914732F88}.Debug|Windows-ARM.Build.0 = Debug|Any CPU
		{3DA41590-2B39-40E1-8BF7-6D8914732F88}.Debug|Windows-x64.ActiveCfg = Debug|Any CPU
		{3DA41590-2B39-40E1-8BF7-6D8914732F88}.Debug|Windows-x64.Build.0 = Debug|Any CPU
		{3DA41590-2B39-40E1-8BF7-6D8914732F88}.Debug|Windows-x86.ActiveCfg = Debug|Any CPU
		{3DA41590-2B39-40E1-8BF7-6D8914732F88}.Debug|Windows-x86.Build.0 = Debug|Any CPU
		{3DA41590-2B39-40E1-8BF7-6D8914732F88}.Release|Android.ActiveCfg = Release|Any CPU
		{3DA41590-2B39-40E1-8BF7-6D8914732F88}.Release|Android.Build.0 = Release|Any CPU
		{3DA41590-2B39-40E1-8BF7-6D8914732F88}.Release|Any CPU.ActiveCfg = Release|Any CPU
		{3DA41590-2B39-40E1-8BF7-6D8914732F88}.Release|Any CPU.Build.0 = Release|Any CPU
		{3DA41590-2B39-40E1-8BF7-6D8914732F88}.Release|iOS.ActiveCfg = Release|Any CPU
		{3DA41590-2B39-40E1-8BF7-6D8914732F88}.Release|iOS.Build.0 = Release|Any CPU
		{3DA41590-2B39-40E1-8BF7-6D8914732F88}.Release|Windows-ARM.ActiveCfg = Release|Any CPU
		{3DA41590-2B39-40E1-8BF7-6D8914732F88}.Release|Windows-ARM.Build.0 = Release|Any CPU
		{3DA41590-2B39-40E1-8BF7-6D8914732F88}.Release|Windows-x64.ActiveCfg = Release|Any CPU
		{3DA41590-2B39-40E1-8BF7-6D8914732F88}.Release|Windows-x64.Build.0 = Release|Any CPU
		{3DA41590-2B39-40E1-8BF7-6D8914732F88}.Release|Windows-x86.ActiveCfg = Release|Any CPU
		{3DA41590-2B39-40E1-8BF7-6D8914732F88}.Release|Windows-x86.Build.0 = Release|Any CPU
		{DD01FB6D-6846-4DFB-9938-55A3F08DA924}.Debug|Android.ActiveCfg = Debug|Any CPU
		{DD01FB6D-6846-4DFB-9938-55A3F08DA924}.Debug|Android.Build.0 = Debug|Any CPU
		{DD01FB6D-6846-4DFB-9938-55A3F08DA924}.Debug|Any CPU.ActiveCfg = Debug|Any CPU
		{DD01FB6D-6846-4DFB-9938-55A3F08DA924}.Debug|Any CPU.Build.0 = Debug|Any CPU
		{DD01FB6D-6846-4DFB-9938-55A3F08DA924}.Debug|iOS.ActiveCfg = Debug|Any CPU
		{DD01FB6D-6846-4DFB-9938-55A3F08DA924}.Debug|iOS.Build.0 = Debug|Any CPU
		{DD01FB6D-6846-4DFB-9938-55A3F08DA924}.Debug|Windows-ARM.ActiveCfg = Debug|Any CPU
		{DD01FB6D-6846-4DFB-9938-55A3F08DA924}.Debug|Windows-ARM.Build.0 = Debug|Any CPU
		{DD01FB6D-6846-4DFB-9938-55A3F08DA924}.Debug|Windows-x64.ActiveCfg = Debug|Any CPU
		{DD01FB6D-6846-4DFB-9938-55A3F08DA924}.Debug|Windows-x64.Build.0 = Debug|Any CPU
		{DD01FB6D-6846-4DFB-9938-55A3F08DA924}.Debug|Windows-x86.ActiveCfg = Debug|Any CPU
		{DD01FB6D-6846-4DFB-9938-55A3F08DA924}.Debug|Windows-x86.Build.0 = Debug|Any CPU
		{DD01FB6D-6846-4DFB-9938-55A3F08DA924}.Release|Android.ActiveCfg = Release|Any CPU
		{DD01FB6D-6846-4DFB-9938-55A3F08DA924}.Release|Android.Build.0 = Release|Any CPU
		{DD01FB6D-6846-4DFB-9938-55A3F08DA924}.Release|Any CPU.ActiveCfg = Release|Any CPU
		{DD01FB6D-6846-4DFB-9938-55A3F08DA924}.Release|Any CPU.Build.0 = Release|Any CPU
		{DD01FB6D-6846-4DFB-9938-55A3F08DA924}.Release|iOS.ActiveCfg = Release|Any CPU
		{DD01FB6D-6846-4DFB-9938-55A3F08DA924}.Release|iOS.Build.0 = Release|Any CPU
		{DD01FB6D-6846-4DFB-9938-55A3F08DA924}.Release|Windows-ARM.ActiveCfg = Release|Any CPU
		{DD01FB6D-6846-4DFB-9938-55A3F08DA924}.Release|Windows-ARM.Build.0 = Release|Any CPU
		{DD01FB6D-6846-4DFB-9938-55A3F08DA924}.Release|Windows-x64.ActiveCfg = Release|Any CPU
		{DD01FB6D-6846-4DFB-9938-55A3F08DA924}.Release|Windows-x64.Build.0 = Release|Any CPU
		{DD01FB6D-6846-4DFB-9938-55A3F08DA924}.Release|Windows-x86.ActiveCfg = Release|Any CPU
		{DD01FB6D-6846-4DFB-9938-55A3F08DA924}.Release|Windows-x86.Build.0 = Release|Any CPU
		{46D586FF-9F73-4DFD-8BF5-101F31545D0C}.Debug|Android.ActiveCfg = Debug|Any CPU
		{46D586FF-9F73-4DFD-8BF5-101F31545D0C}.Debug|Android.Build.0 = Debug|Any CPU
		{46D586FF-9F73-4DFD-8BF5-101F31545D0C}.Debug|Any CPU.ActiveCfg = Debug|Any CPU
		{46D586FF-9F73-4DFD-8BF5-101F31545D0C}.Debug|Any CPU.Build.0 = Debug|Any CPU
		{46D586FF-9F73-4DFD-8BF5-101F31545D0C}.Debug|iOS.ActiveCfg = Debug|Any CPU
		{46D586FF-9F73-4DFD-8BF5-101F31545D0C}.Debug|iOS.Build.0 = Debug|Any CPU
		{46D586FF-9F73-4DFD-8BF5-101F31545D0C}.Debug|Windows-ARM.ActiveCfg = Debug|Any CPU
		{46D586FF-9F73-4DFD-8BF5-101F31545D0C}.Debug|Windows-ARM.Build.0 = Debug|Any CPU
		{46D586FF-9F73-4DFD-8BF5-101F31545D0C}.Debug|Windows-x64.ActiveCfg = Debug|Any CPU
		{46D586FF-9F73-4DFD-8BF5-101F31545D0C}.Debug|Windows-x64.Build.0 = Debug|Any CPU
		{46D586FF-9F73-4DFD-8BF5-101F31545D0C}.Debug|Windows-x86.ActiveCfg = Debug|Any CPU
		{46D586FF-9F73-4DFD-8BF5-101F31545D0C}.Debug|Windows-x86.Build.0 = Debug|Any CPU
		{46D586FF-9F73-4DFD-8BF5-101F31545D0C}.Release|Android.ActiveCfg = Release|Any CPU
		{46D586FF-9F73-4DFD-8BF5-101F31545D0C}.Release|Android.Build.0 = Release|Any CPU
		{46D586FF-9F73-4DFD-8BF5-101F31545D0C}.Release|Any CPU.ActiveCfg = Release|Any CPU
		{46D586FF-9F73-4DFD-8BF5-101F31545D0C}.Release|Any CPU.Build.0 = Release|Any CPU
		{46D586FF-9F73-4DFD-8BF5-101F31545D0C}.Release|iOS.ActiveCfg = Release|Any CPU
		{46D586FF-9F73-4DFD-8BF5-101F31545D0C}.Release|iOS.Build.0 = Release|Any CPU
		{46D586FF-9F73-4DFD-8BF5-101F31545D0C}.Release|Windows-ARM.ActiveCfg = Release|Any CPU
		{46D586FF-9F73-4DFD-8BF5-101F31545D0C}.Release|Windows-ARM.Build.0 = Release|Any CPU
		{46D586FF-9F73-4DFD-8BF5-101F31545D0C}.Release|Windows-x64.ActiveCfg = Release|Any CPU
		{46D586FF-9F73-4DFD-8BF5-101F31545D0C}.Release|Windows-x64.Build.0 = Release|Any CPU
		{46D586FF-9F73-4DFD-8BF5-101F31545D0C}.Release|Windows-x86.ActiveCfg = Release|Any CPU
		{46D586FF-9F73-4DFD-8BF5-101F31545D0C}.Release|Windows-x86.Build.0 = Release|Any CPU
		{39630ED8-13E8-4D2C-8020-F84A84ADABB8}.Debug|Android.ActiveCfg = Debug|Any CPU
		{39630ED8-13E8-4D2C-8020-F84A84ADABB8}.Debug|Android.Build.0 = Debug|Any CPU
		{39630ED8-13E8-4D2C-8020-F84A84ADABB8}.Debug|Any CPU.ActiveCfg = Debug|Any CPU
		{39630ED8-13E8-4D2C-8020-F84A84ADABB8}.Debug|Any CPU.Build.0 = Debug|Any CPU
		{39630ED8-13E8-4D2C-8020-F84A84ADABB8}.Debug|iOS.ActiveCfg = Debug|Any CPU
		{39630ED8-13E8-4D2C-8020-F84A84ADABB8}.Debug|iOS.Build.0 = Debug|Any CPU
		{39630ED8-13E8-4D2C-8020-F84A84ADABB8}.Debug|Windows-ARM.ActiveCfg = Debug|Any CPU
		{39630ED8-13E8-4D2C-8020-F84A84ADABB8}.Debug|Windows-ARM.Build.0 = Debug|Any CPU
		{39630ED8-13E8-4D2C-8020-F84A84ADABB8}.Debug|Windows-x64.ActiveCfg = Debug|Any CPU
		{39630ED8-13E8-4D2C-8020-F84A84ADABB8}.Debug|Windows-x64.Build.0 = Debug|Any CPU
		{39630ED8-13E8-4D2C-8020-F84A84ADABB8}.Debug|Windows-x86.ActiveCfg = Debug|Any CPU
		{39630ED8-13E8-4D2C-8020-F84A84ADABB8}.Debug|Windows-x86.Build.0 = Debug|Any CPU
		{39630ED8-13E8-4D2C-8020-F84A84ADABB8}.Release|Android.ActiveCfg = Release|Any CPU
		{39630ED8-13E8-4D2C-8020-F84A84ADABB8}.Release|Android.Build.0 = Release|Any CPU
		{39630ED8-13E8-4D2C-8020-F84A84ADABB8}.Release|Any CPU.ActiveCfg = Release|Any CPU
		{39630ED8-13E8-4D2C-8020-F84A84ADABB8}.Release|Any CPU.Build.0 = Release|Any CPU
		{39630ED8-13E8-4D2C-8020-F84A84ADABB8}.Release|iOS.ActiveCfg = Release|Any CPU
		{39630ED8-13E8-4D2C-8020-F84A84ADABB8}.Release|iOS.Build.0 = Release|Any CPU
		{39630ED8-13E8-4D2C-8020-F84A84ADABB8}.Release|Windows-ARM.ActiveCfg = Release|Any CPU
		{39630ED8-13E8-4D2C-8020-F84A84ADABB8}.Release|Windows-ARM.Build.0 = Release|Any CPU
		{39630ED8-13E8-4D2C-8020-F84A84ADABB8}.Release|Windows-x64.ActiveCfg = Release|Any CPU
		{39630ED8-13E8-4D2C-8020-F84A84ADABB8}.Release|Windows-x64.Build.0 = Release|Any CPU
		{39630ED8-13E8-4D2C-8020-F84A84ADABB8}.Release|Windows-x86.ActiveCfg = Release|Any CPU
		{39630ED8-13E8-4D2C-8020-F84A84ADABB8}.Release|Windows-x86.Build.0 = Release|Any CPU
		{009DB68B-98C0-4C48-857F-524267115639}.Debug|Android.ActiveCfg = Debug|Any CPU
		{009DB68B-98C0-4C48-857F-524267115639}.Debug|Android.Build.0 = Debug|Any CPU
		{009DB68B-98C0-4C48-857F-524267115639}.Debug|Any CPU.ActiveCfg = Debug|Any CPU
		{009DB68B-98C0-4C48-857F-524267115639}.Debug|Any CPU.Build.0 = Debug|Any CPU
		{009DB68B-98C0-4C48-857F-524267115639}.Debug|iOS.ActiveCfg = Debug|Any CPU
		{009DB68B-98C0-4C48-857F-524267115639}.Debug|iOS.Build.0 = Debug|Any CPU
		{009DB68B-98C0-4C48-857F-524267115639}.Debug|Windows-ARM.ActiveCfg = Debug|Any CPU
		{009DB68B-98C0-4C48-857F-524267115639}.Debug|Windows-ARM.Build.0 = Debug|Any CPU
		{009DB68B-98C0-4C48-857F-524267115639}.Debug|Windows-x64.ActiveCfg = Debug|Any CPU
		{009DB68B-98C0-4C48-857F-524267115639}.Debug|Windows-x64.Build.0 = Debug|Any CPU
		{009DB68B-98C0-4C48-857F-524267115639}.Debug|Windows-x86.ActiveCfg = Debug|Any CPU
		{009DB68B-98C0-4C48-857F-524267115639}.Debug|Windows-x86.Build.0 = Debug|Any CPU
		{009DB68B-98C0-4C48-857F-524267115639}.Release|Android.ActiveCfg = Release|Any CPU
		{009DB68B-98C0-4C48-857F-524267115639}.Release|Android.Build.0 = Release|Any CPU
		{009DB68B-98C0-4C48-857F-524267115639}.Release|Any CPU.ActiveCfg = Release|Any CPU
		{009DB68B-98C0-4C48-857F-524267115639}.Release|Any CPU.Build.0 = Release|Any CPU
		{009DB68B-98C0-4C48-857F-524267115639}.Release|iOS.ActiveCfg = Release|Any CPU
		{009DB68B-98C0-4C48-857F-524267115639}.Release|iOS.Build.0 = Release|Any CPU
		{009DB68B-98C0-4C48-857F-524267115639}.Release|Windows-ARM.ActiveCfg = Release|Any CPU
		{009DB68B-98C0-4C48-857F-524267115639}.Release|Windows-ARM.Build.0 = Release|Any CPU
		{009DB68B-98C0-4C48-857F-524267115639}.Release|Windows-x64.ActiveCfg = Release|Any CPU
		{009DB68B-98C0-4C48-857F-524267115639}.Release|Windows-x64.Build.0 = Release|Any CPU
		{009DB68B-98C0-4C48-857F-524267115639}.Release|Windows-x86.ActiveCfg = Release|Any CPU
		{009DB68B-98C0-4C48-857F-524267115639}.Release|Windows-x86.Build.0 = Release|Any CPU
		{87C02216-FC42-494E-BB57-EE273F030812}.Debug|Android.ActiveCfg = Debug|Any CPU
		{87C02216-FC42-494E-BB57-EE273F030812}.Debug|Android.Build.0 = Debug|Any CPU
		{87C02216-FC42-494E-BB57-EE273F030812}.Debug|Any CPU.ActiveCfg = Debug|Any CPU
		{87C02216-FC42-494E-BB57-EE273F030812}.Debug|Any CPU.Build.0 = Debug|Any CPU
		{87C02216-FC42-494E-BB57-EE273F030812}.Debug|iOS.ActiveCfg = Debug|Any CPU
		{87C02216-FC42-494E-BB57-EE273F030812}.Debug|iOS.Build.0 = Debug|Any CPU
		{87C02216-FC42-494E-BB57-EE273F030812}.Debug|Windows-ARM.ActiveCfg = Debug|Any CPU
		{87C02216-FC42-494E-BB57-EE273F030812}.Debug|Windows-ARM.Build.0 = Debug|Any CPU
		{87C02216-FC42-494E-BB57-EE273F030812}.Debug|Windows-x64.ActiveCfg = Debug|Any CPU
		{87C02216-FC42-494E-BB57-EE273F030812}.Debug|Windows-x64.Build.0 = Debug|Any CPU
		{87C02216-FC42-494E-BB57-EE273F030812}.Debug|Windows-x86.ActiveCfg = Debug|Any CPU
		{87C02216-FC42-494E-BB57-EE273F030812}.Debug|Windows-x86.Build.0 = Debug|Any CPU
		{87C02216-FC42-494E-BB57-EE273F030812}.Release|Android.ActiveCfg = Release|Any CPU
		{87C02216-FC42-494E-BB57-EE273F030812}.Release|Android.Build.0 = Release|Any CPU
		{87C02216-FC42-494E-BB57-EE273F030812}.Release|Any CPU.ActiveCfg = Release|Any CPU
		{87C02216-FC42-494E-BB57-EE273F030812}.Release|Any CPU.Build.0 = Release|Any CPU
		{87C02216-FC42-494E-BB57-EE273F030812}.Release|iOS.ActiveCfg = Release|Any CPU
		{87C02216-FC42-494E-BB57-EE273F030812}.Release|iOS.Build.0 = Release|Any CPU
		{87C02216-FC42-494E-BB57-EE273F030812}.Release|Windows-ARM.ActiveCfg = Release|Any CPU
		{87C02216-FC42-494E-BB57-EE273F030812}.Release|Windows-ARM.Build.0 = Release|Any CPU
		{87C02216-FC42-494E-BB57-EE273F030812}.Release|Windows-x64.ActiveCfg = Release|Any CPU
		{87C02216-FC42-494E-BB57-EE273F030812}.Release|Windows-x64.Build.0 = Release|Any CPU
		{87C02216-FC42-494E-BB57-EE273F030812}.Release|Windows-x86.ActiveCfg = Release|Any CPU
		{87C02216-FC42-494E-BB57-EE273F030812}.Release|Windows-x86.Build.0 = Release|Any CPU
	EndGlobalSection
	GlobalSection(SolutionProperties) = preSolution
		HideSolutionNode = FALSE
	EndGlobalSection
	GlobalSection(ExtensibilityGlobals) = postSolution
		SolutionGuid = {81D64D97-1E2C-425D-A112-A648C960AD37}
		LessCompiler = 4f88d267-cca7-4dda-b0c5-79248150cce2
	EndGlobalSection
	GlobalSection(TeamFoundationVersionControl) = preSolution
		SccNumberOfProjects = 11
		SccEnterpriseProvider = {4CA58AB2-18FA-4F8D-95D4-32DDF27D184C}
		SccTeamFoundationServer = http://tfs2017:8080/tfs/hcs
		SccLocalPath0 = .
		SccProjectUniqueName1 = web\\web.njsproj
		SccProjectName1 = web
		SccLocalPath1 = web
		SccProjectUniqueName2 = ..\\..\\..\\mongodbScripts\\mongodbScripts.csproj
		SccProjectName2 = ../../../mongodbScripts
		SccLocalPath2 = ..\\..\\..\\mongodbScripts
		SccProjectUniqueName3 = Candidate.sendMail.Service\\Candidate.sendMail.Service.njsproj
		SccProjectName3 = Candidate.sendMail.Service
		SccLocalPath3 = Candidate.sendMail.Service
		SccProjectUniqueName4 = CandidateClient\\CandidateClient.csproj
		SccProjectName4 = CandidateClient
		SccLocalPath4 = CandidateClient
		SccProjectUniqueName5 = ClientService\\ClientService.njsproj
		SccProjectName5 = ClientService
		SccLocalPath5 = ClientService
		SccProjectUniqueName6 = mobile_services\\mobile_services.njsproj
		SccProjectName6 = mobile_services
		SccLocalPath6 = mobile_services
		SccProjectUniqueName7 = lv_lms\\lv_lms.pyproj
		SccProjectName7 = lv_lms
		SccLocalPath7 = lv_lms
		SccProjectUniqueName8 = lv-libs\\lv-libs.njsproj
		SccProjectName8 = lv-libs
		SccLocalPath8 = lv-libs
		SccProjectUniqueName9 = test\\test.njsproj
		SccProjectName9 = test
		SccLocalPath9 = test
		SccProjectUniqueName10 = test-routes\\test-routes.njsproj
		SccProjectName10 = test-routes
		SccLocalPath10 = test-routes
	EndGlobalSection
EndGlobal
